
Microsoft Visual Studio Solution File, Format Version 12.00
# Visual Studio 15
VisualStudioVersion = 15.0.28010.2019
MinimumVisualStudioVersion = 10.0.40219.1
Project("{FAE04EC0-301F-11D3-BF4B-00C04F79EFBC}") = "CitrusDB", "CitrusDB\CitrusDB.csproj", "{FDD114AF-D72D-4EC7-A9BC-7734A9E169CD}"
EndProject
Global
	GlobalSection(SolutionConfigurationPlatforms) = preSolution
		Debug|Any CPU = Debug|Any CPU
		Release|Any CPU = Release|Any CPU
	EndGlobalSection
	GlobalSection(ProjectConfigurationPlatforms) = postSolution
		{FDD114AF-D72D-4EC7-A9BC-7734A9E169CD}.Debug|Any CPU.ActiveCfg = Debug|Any CPU
		{FDD114AF-D72D-4EC7-A9BC-7734A9E169CD}.Debug|Any CPU.Build.0 = Debug|Any CPU
		{FDD114AF-D72D-4EC7-A9BC-7734A9E169CD}.Release|Any CPU.ActiveCfg = Release|Any CPU
		{FDD114AF-D72D-4EC7-A9BC-7734A9E169CD}.Release|Any CPU.Build.0 = Release|Any CPU
	EndGlobalSection
	GlobalSection(SolutionProperties) = preSolution
		HideSolutionNode = FALSE
	EndGlobalSection
	GlobalSection(ExtensibilityGlobals) = postSolution
		SolutionGuid = {6C25081B-9522-4B05-9A09-41E811EF994E}
	EndGlobalSection
EndGlobal
